
Microsoft Visual Studio Solution File, Format Version 12.00
# Visual Studio Version 17
VisualStudioVersion = 17.13.35806.99 d17.13
MinimumVisualStudioVersion = 10.0.40219.1
Project("{FAE04EC0-301F-11D3-BF4B-00C04F79EFBC}") = "TPModul14_2311104056", "TPModul14_2311104056\TPModul14_2311104056.csproj", "{19AE19C4-9439-4982-AE48-383F47BD300B}"
EndProject
Global
	GlobalSection(SolutionConfigurationPlatforms) = preSolution
		Debug|Any CPU = Debug|Any CPU
		Release|Any CPU = Release|Any CPU
	EndGlobalSection
	GlobalSection(ProjectConfigurationPlatforms) = postSolution
		{19AE19C4-9439-4982-AE48-383F47BD300B}.Debug|Any CPU.ActiveCfg = Debug|Any CPU
		{19AE19C4-9439-4982-AE48-383F47BD300B}.Debug|Any CPU.Build.0 = Debug|Any CPU
		{19AE19C4-9439-4982-AE48-383F47BD300B}.Release|Any CPU.ActiveCfg = Release|Any CPU
		{19AE19C4-9439-4982-AE48-383F47BD300B}.Release|Any CPU.Build.0 = Release|Any CPU
	EndGlobalSection
	GlobalSection(SolutionProperties) = preSolution
		HideSolutionNode = FALSE
	EndGlobalSection
	GlobalSection(ExtensibilityGlobals) = postSolution
		SolutionGuid = {AD0F711C-79EF-4006-8A67-E75B86EE955C}
	EndGlobalSection
EndGlobal
