
Microsoft Visual Studio Solution File, Format Version 12.00
# Visual Studio Version 17
VisualStudioVersion = 17.13.35806.99 d17.13
MinimumVisualStudioVersion = 10.0.40219.1
Project("{FAE04EC0-301F-11D3-BF4B-00C04F79EFBC}") = "tpmodul8_2311104056", "tpmodul8_2311104056\tpmodul8_2311104056.csproj", "{312CC923-DBFD-42B2-8E90-6D8ECC657C59}"
EndProject
Global
	GlobalSection(SolutionConfigurationPlatforms) = preSolution
		Debug|Any CPU = Debug|Any CPU
		Release|Any CPU = Release|Any CPU
	EndGlobalSection
	GlobalSection(ProjectConfigurationPlatforms) = postSolution
		{312CC923-DBFD-42B2-8E90-6D8ECC657C59}.Debug|Any CPU.ActiveCfg = Debug|Any CPU
		{312CC923-DBFD-42B2-8E90-6D8ECC657C59}.Debug|Any CPU.Build.0 = Debug|Any CPU
		{312CC923-DBFD-42B2-8E90-6D8ECC657C59}.Release|Any CPU.ActiveCfg = Release|Any CPU
		{312CC923-DBFD-42B2-8E90-6D8ECC657C59}.Release|Any CPU.Build.0 = Release|Any CPU
	EndGlobalSection
	GlobalSection(SolutionProperties) = preSolution
		HideSolutionNode = FALSE
	EndGlobalSection
	GlobalSection(ExtensibilityGlobals) = postSolution
		SolutionGuid = {8A2F0AF0-E877-4754-A174-765364488E38}
	EndGlobalSection
EndGlobal
