
Microsoft Visual Studio Solution File, Format Version 12.00
# Visual Studio Version 17
VisualStudioVersion = 17.13.35806.99 d17.13
MinimumVisualStudioVersion = 10.0.40219.1
Project("{FAE04EC0-301F-11D3-BF4B-00C04F79EFBC}") = "Jurnalmodul14_2311104056", "Jurnalmodul14_2311104056\Jurnalmodul14_2311104056.csproj", "{480C8087-BB79-4DF7-9D58-AF2AA63EC75F}"
EndProject
Global
	GlobalSection(SolutionConfigurationPlatforms) = preSolution
		Debug|Any CPU = Debug|Any CPU
		Release|Any CPU = Release|Any CPU
	EndGlobalSection
	GlobalSection(ProjectConfigurationPlatforms) = postSolution
		{480C8087-BB79-4DF7-9D58-AF2AA63EC75F}.Debug|Any CPU.ActiveCfg = Debug|Any CPU
		{480C8087-BB79-4DF7-9D58-AF2AA63EC75F}.Debug|Any CPU.Build.0 = Debug|Any CPU
		{480C8087-BB79-4DF7-9D58-AF2AA63EC75F}.Release|Any CPU.ActiveCfg = Release|Any CPU
		{480C8087-BB79-4DF7-9D58-AF2AA63EC75F}.Release|Any CPU.Build.0 = Release|Any CPU
	EndGlobalSection
	GlobalSection(SolutionProperties) = preSolution
		HideSolutionNode = FALSE
	EndGlobalSection
	GlobalSection(ExtensibilityGlobals) = postSolution
		SolutionGuid = {FB472B58-AACC-4054-8F4A-D5FBD4731AF5}
	EndGlobalSection
EndGlobal
