
Microsoft Visual Studio Solution File, Format Version 12.00
# Visual Studio Version 17
VisualStudioVersion = 17.13.35806.99 d17.13
MinimumVisualStudioVersion = 10.0.40219.1
Project("{FAE04EC0-301F-11D3-BF4B-00C04F79EFBC}") = "AljabarLibraries", "AljabarLibraries\AljabarLibraries.csproj", "{8F573839-28B0-4832-B4B3-8848D1249443}"
EndProject
Project("{FAE04EC0-301F-11D3-BF4B-00C04F79EFBC}") = "AljabarApp", "AljabarApp\AljabarApp.csproj", "{4805D1FD-5EC8-4EDE-B858-6C35C6BFCF7A}"
EndProject
Global
	GlobalSection(SolutionConfigurationPlatforms) = preSolution
		Debug|Any CPU = Debug|Any CPU
		Release|Any CPU = Release|Any CPU
	EndGlobalSection
	GlobalSection(ProjectConfigurationPlatforms) = postSolution
		{8F573839-28B0-4832-B4B3-8848D1249443}.Debug|Any CPU.ActiveCfg = Debug|Any CPU
		{8F573839-28B0-4832-B4B3-8848D1249443}.Debug|Any CPU.Build.0 = Debug|Any CPU
		{8F573839-28B0-4832-B4B3-8848D1249443}.Release|Any CPU.ActiveCfg = Release|Any CPU
		{8F573839-28B0-4832-B4B3-8848D1249443}.Release|Any CPU.Build.0 = Release|Any CPU
		{4805D1FD-5EC8-4EDE-B858-6C35C6BFCF7A}.Debug|Any CPU.ActiveCfg = Debug|Any CPU
		{4805D1FD-5EC8-4EDE-B858-6C35C6BFCF7A}.Debug|Any CPU.Build.0 = Debug|Any CPU
		{4805D1FD-5EC8-4EDE-B858-6C35C6BFCF7A}.Release|Any CPU.ActiveCfg = Release|Any CPU
		{4805D1FD-5EC8-4EDE-B858-6C35C6BFCF7A}.Release|Any CPU.Build.0 = Release|Any CPU
	EndGlobalSection
	GlobalSection(SolutionProperties) = preSolution
		HideSolutionNode = FALSE
	EndGlobalSection
	GlobalSection(ExtensibilityGlobals) = postSolution
		SolutionGuid = {BFBADB53-1DB4-49AD-AB76-690F31C338F0}
	EndGlobalSection
EndGlobal
